{
  "version": 4,
  "terraform_version": "1.9.3",
  "serial": 3,
  "lineage": "cb08105d-4646-23f8-0a51-8df48b9776a0",
  "outputs": {},
  "resources": [
    {
      "mode": "managed",
      "type": "spotify_playlist",
      "name": "Bollywood",
      "provider": "provider[\"registry.terraform.io/conradludgate/spotify\"]",
      "instances": [
        {
          "schema_version": 0,
          "attributes": {
            "description": "",
            "id": "5ZSypDpLII9P6EIimaWC5a",
            "name": "Bollywood",
            "public": true,
            "snapshot_id": "AAAAAqow0IPYbQnVQtNJEGpYNDYkpdMs",
            "tracks": [
              "1GEEOSTBIu59wbPWWwi0yN",
              "02wxOdJibQHGfuwAmGo8gQ",
              "3wwLWFRLiReDf5AqgmAJwT"
            ]
          },
          "sensitive_attributes": [],
          "private": "bnVsbA=="
        }
      ]
    }
  ],
  "check_results": null
}
